{
    "_readme": [
        "This file locks the dependencies of your project to a known state",
        "Read more about it at https://getcomposer.org/doc/01-basic-usage.md#installing-dependencies",
        "This file is @generated automatically"
    ],
    "content-hash": "787af566ebdd9ded33378b361df69c63",
    "packages": [],
    "packages-dev": [
        {
            "name": "doctrine/instantiator",
            "version": "1.0.x-dev",
            "source": {
                "type": "git",
                "url": "https://github.com/doctrine/instantiator.git",
                "reference": "83b5716aee90e1f733512942c635ac350cbd533c"
            },
            "dist": {
                "type": "zip",
                "url": "https://api.github.com/repos/doctrine/instantiator/zipball/83b5716aee90e1f733512942c635ac350cbd533c",
                "reference": "83b5716aee90e1f733512942c635ac350cbd533c",
                "shasum": ""
            },
            "require": {
                "php": ">=5.3,<8.0-DEV"
            },
            "require-dev": {
                "athletic/athletic": "~0.1.8",
                "ext-pdo": "*",
                "ext-phar": "*",
                "phpunit/phpunit": "~4.0",
                "squizlabs/php_codesniffer": "~2.0"
            },
            "type": "library",
            "extra": {
                "branch-alias": {
                    "dev-master": "1.0.x-dev"
                }
            },
            "autoload": {
                "psr-4": {
                    "Doctrine\\Instantiator\\": "src/Doctrine/Instantiator/"
                }
            },
            "notification-url": "https://packagist.org/downloads/",
            "license": [
                "MIT"
            ],
            "authors": [
                {
                    "name": "Marco Pivetta",
                    "email": "ocramius@gmail.com",
                    "homepage": "http://ocramius.github.com/"
                }
            ],
            "description": "A small, lightweight utility to instantiate objects in PHP without invoking their constructors",
            "homepage": "https://github.com/doctrine/instantiator",
            "keywords": [
                "constructor",
                "instantiate"
            ],
            "support": {
                "issues": "https://github.com/doctrine/instantiator/issues",
                "source": "https://github.com/doctrine/instantiator/tree/1.0.x"
            },
            "time": "2018-09-01T02:07:49+00:00"
        },
        {
            "name": "fzaninotto/faker",
            "version": "dev-master",
            "source": {
                "type": "git",
                "url": "https://github.com/fzaninotto/Faker.git",
                "reference": "5ffe7db6c80f441f150fc88008d64e64af66634b"
            },
            "dist": {
                "type": "zip",
                "url": "https://api.github.com/repos/fzaninotto/Faker/zipball/5ffe7db6c80f441f150fc88008d64e64af66634b",
                "reference": "5ffe7db6c80f441f150fc88008d64e64af66634b",
                "shasum": ""
            },
            "require": {
                "php": "^5.3.3 || ^7.0 || ^8.0"
            },
            "require-dev": {
                "ext-intl": "*",
                "phpunit/phpunit": "^4.8.35 || ^5.7",
                "squizlabs/php_codesniffer": "^2.9.2"
            },
            "default-branch": true,
            "type": "library",
            "extra": {
                "branch-alias": {
                    "dev-master": "1.9-dev"
                }
            },
            "autoload": {
                "psr-4": {
                    "Faker\\": "src/Faker/"
                }
            },
            "notification-url": "https://packagist.org/downloads/",
            "license": [
                "MIT"
            ],
            "authors": [
                {
                    "name": "François Zaninotto"
                }
            ],
            "description": "Faker is a PHP library that generates fake data for you.",
            "keywords": [
                "data",
                "faker",
                "fixtures"
            ],
            "support": {
                "issues": "https://github.com/fzaninotto/Faker/issues",
                "source": "https://github.com/fzaninotto/Faker/tree/master"
            },
            "abandoned": true,
            "time": "2020-12-11T09:59:14+00:00"
        }
    ],
    "aliases": [],
    "minimum-stability": "dev",
    "stability-flags": [],
    "prefer-stable": false,
    "prefer-lowest": false,
    "platform": {
        "php": "^7.3"
    },
    "platform-dev": [],
    "plugin-api-version": "2.0.0"
}
